
Microsoft Visual Studio Solution File, Format Version 12.00
# Visual Studio Version 17
VisualStudioVersion = 17.5.33627.172
MinimumVisualStudioVersion = 10.0.40219.1
Project("{FAE04EC0-301F-11D3-BF4B-00C04F79EFBC}") = "V2raySSHTunnel", "V2raySSHTunnel\V2raySSHTunnel.csproj", "{6678E6BA-7E02-4300-82EC-7B8C54345EF8}"
EndProject
Global
	GlobalSection(SolutionConfigurationPlatforms) = preSolution
		Debug|Any CPU = Debug|Any CPU
		Release|Any CPU = Release|Any CPU
	EndGlobalSection
	GlobalSection(ProjectConfigurationPlatforms) = postSolution
		{6678E6BA-7E02-4300-82EC-7B8C54345EF8}.Debug|Any CPU.ActiveCfg = Debug|Any CPU
		{6678E6BA-7E02-4300-82EC-7B8C54345EF8}.Debug|Any CPU.Build.0 = Debug|Any CPU
		{6678E6BA-7E02-4300-82EC-7B8C54345EF8}.Release|Any CPU.ActiveCfg = Release|Any CPU
		{6678E6BA-7E02-4300-82EC-7B8C54345EF8}.Release|Any CPU.Build.0 = Release|Any CPU
	EndGlobalSection
	GlobalSection(SolutionProperties) = preSolution
		HideSolutionNode = FALSE
	EndGlobalSection
	GlobalSection(ExtensibilityGlobals) = postSolution
		SolutionGuid = {8B7D7E7A-A8F0-4BC4-9165-C4592FC97FD4}
	EndGlobalSection
EndGlobal
